
Microsoft Visual Studio Solution File, Format Version 12.00
# Visual Studio 14
VisualStudioVersion = 14.0.25420.1
MinimumVisualStudioVersion = 10.0.40219.1
Project("{FAE04EC0-301F-11D3-BF4B-00C04F79EFBC}") = "Thumbnails", "Thumbnails\Thumbnails.csproj", "{F00B362B-7F28-428F-92AE-434892C64EB4}"
EndProject
Project("{FAE04EC0-301F-11D3-BF4B-00C04F79EFBC}") = "Thumbnails-WebJob", "Thumbnails-WebJob\Thumbnails-WebJob.csproj", "{8CEBD81E-3895-4C9D-8FAC-3254EB1206E0}"
EndProject
Global
	GlobalSection(SolutionConfigurationPlatforms) = preSolution
		Debug|Any CPU = Debug|Any CPU
		Release|Any CPU = Release|Any CPU
	EndGlobalSection
	GlobalSection(ProjectConfigurationPlatforms) = postSolution
		{F00B362B-7F28-428F-92AE-434892C64EB4}.Debug|Any CPU.ActiveCfg = Debug|Any CPU
		{F00B362B-7F28-428F-92AE-434892C64EB4}.Debug|Any CPU.Build.0 = Debug|Any CPU
		{F00B362B-7F28-428F-92AE-434892C64EB4}.Release|Any CPU.ActiveCfg = Release|Any CPU
		{F00B362B-7F28-428F-92AE-434892C64EB4}.Release|Any CPU.Build.0 = Release|Any CPU
		{8CEBD81E-3895-4C9D-8FAC-3254EB1206E0}.Debug|Any CPU.ActiveCfg = Debug|Any CPU
		{8CEBD81E-3895-4C9D-8FAC-3254EB1206E0}.Debug|Any CPU.Build.0 = Debug|Any CPU
		{8CEBD81E-3895-4C9D-8FAC-3254EB1206E0}.Release|Any CPU.ActiveCfg = Release|Any CPU
		{8CEBD81E-3895-4C9D-8FAC-3254EB1206E0}.Release|Any CPU.Build.0 = Release|Any CPU
	EndGlobalSection
	GlobalSection(SolutionProperties) = preSolution
		HideSolutionNode = FALSE
	EndGlobalSection
EndGlobal
